
Microsoft Visual Studio Solution File, Format Version 12.00
# Visual Studio Version 17
VisualStudioVersion = 17.7.34031.279
MinimumVisualStudioVersion = 10.0.40219.1
Project("{9A19103F-16F7-4668-BE54-9A1E7A4F7556}") = "JsonConfigManager", "JsonConfigManager.csproj", "{2D09FEA2-489F-4A22-BBF1-54FD84457FB7}"
EndProject
Global
	GlobalSection(SolutionConfigurationPlatforms) = preSolution
		Debug|Any CPU = Debug|Any CPU
		Release|Any CPU = Release|Any CPU
	EndGlobalSection
	GlobalSection(ProjectConfigurationPlatforms) = postSolution
		{2D09FEA2-489F-4A22-BBF1-54FD84457FB7}.Debug|Any CPU.ActiveCfg = Debug|Any CPU
		{2D09FEA2-489F-4A22-BBF1-54FD84457FB7}.Debug|Any CPU.Build.0 = Debug|Any CPU
		{2D09FEA2-489F-4A22-BBF1-54FD84457FB7}.Release|Any CPU.ActiveCfg = Release|Any CPU
		{2D09FEA2-489F-4A22-BBF1-54FD84457FB7}.Release|Any CPU.Build.0 = Release|Any CPU
	EndGlobalSection
	GlobalSection(SolutionProperties) = preSolution
		HideSolutionNode = FALSE
	EndGlobalSection
	GlobalSection(ExtensibilityGlobals) = postSolution
		SolutionGuid = {10AC3098-5E3F-4785-ACB7-D10221B0355C}
	EndGlobalSection
EndGlobal
